
Microsoft Visual Studio Solution File, Format Version 12.00
# Visual Studio Version 16
VisualStudioVersion = 16.0.31112.23
MinimumVisualStudioVersion = 10.0.40219.1
Project("{FAE04EC0-301F-11D3-BF4B-00C04F79EFBC}") = "QRTest", "QRTest\QRTest.csproj", "{B3AAECEC-ABC7-4F7A-8C76-5ED6DF79CC13}"
EndProject
Global
	GlobalSection(SolutionConfigurationPlatforms) = preSolution
		Debug|Any CPU = Debug|Any CPU
		Release|Any CPU = Release|Any CPU
	EndGlobalSection
	GlobalSection(ProjectConfigurationPlatforms) = postSolution
		{B3AAECEC-ABC7-4F7A-8C76-5ED6DF79CC13}.Debug|Any CPU.ActiveCfg = Debug|Any CPU
		{B3AAECEC-ABC7-4F7A-8C76-5ED6DF79CC13}.Debug|Any CPU.Build.0 = Debug|Any CPU
		{B3AAECEC-ABC7-4F7A-8C76-5ED6DF79CC13}.Release|Any CPU.ActiveCfg = Release|Any CPU
		{B3AAECEC-ABC7-4F7A-8C76-5ED6DF79CC13}.Release|Any CPU.Build.0 = Release|Any CPU
	EndGlobalSection
	GlobalSection(SolutionProperties) = preSolution
		HideSolutionNode = FALSE
	EndGlobalSection
	GlobalSection(ExtensibilityGlobals) = postSolution
		SolutionGuid = {4538008B-B521-46D2-AB80-6A5878165C0E}
	EndGlobalSection
EndGlobal
